{
  "name": "@causal-order/monitor",
  "version": "0.6.0",
  "lockfileVersion": 3,
  "requires": true,
  "packages": {
    "": {
      "name": "@causal-order/monitor",
      "version": "0.6.0",
      "license": "MIT",
      "devDependencies": {
        "@causal-order/transport": "0.2.0",
        "@types/node": "^25.9.2",
        "typescript": "^6.0.3"
      },
      "engines": {
        "node": ">=22.13.0"
      },
      "peerDependencies": {
        "@causal-order/dedupe": "^1.1.1",
        "@causal-order/transport": "^0.2.0",
        "causal-order": "^1.0.0"
      }
    },
    "node_modules/@causal-order/dedupe": {
      "version": "1.1.1",
      "resolved": "https://registry.npmjs.org/@causal-order/dedupe/-/dedupe-1.1.1.tgz",
      "integrity": "sha512-AQE8VET+P/Gp0lskLCK6Sv+JSiUGgeQq31OLf009ze0ZrnT8VJFje/YXQ2Wz+OnviGlZE3sxRONpLbqO6aO84A==",
      "license": "MIT",
      "dependencies": {
        "causal-order": "^1.0.0"
      },
      "engines": {
        "node": ">=20"
      }
    },
    "node_modules/@causal-order/transport": {
      "version": "0.2.0",
      "resolved": "https://registry.npmjs.org/@causal-order/transport/-/transport-0.2.0.tgz",
      "integrity": "sha512-xlkhLZMxQ5oDaMJC/uV2PBgzzl/IasNcsirlIlqz90+M/zUvXO8j6+9KLmM/ldXhoVdTCqWIEavxXT4dRVlHCQ==",
      "dev": true,
      "license": "MIT",
      "dependencies": {
        "@causal-order/dedupe": "^1.1.1",
        "causal-order": "^1.0.0"
      },
      "engines": {
        "node": ">=22"
      }
    },
    "node_modules/@types/node": {
      "version": "25.9.4",
      "resolved": "https://registry.npmjs.org/@types/node/-/node-25.9.4.tgz",
      "integrity": "sha512-dszCsrKb5U7ZsVZBWiHFklTloVl0mSEnWH/iZXfZUlI4rzCUnsvGmgqfuVRHL54ugE7/wRuxEIXRa2iMZ+BG6g==",
      "dev": true,
      "license": "MIT",
      "dependencies": {
        "undici-types": ">=7.24.0 <7.24.7"
      }
    },
    "node_modules/causal-order": {
      "version": "1.0.0",
      "resolved": "https://registry.npmjs.org/causal-order/-/causal-order-1.0.0.tgz",
      "integrity": "sha512-rkQuGmLhGTYOWUoFfJcXJZtkcZepzvz3dK1hU7NVxWYfNLJ+6CxnrH0OeiKz5QygoPI9VyJwCWokQJ+DgLLqzQ==",
      "license": "MIT",
      "engines": {
        "node": ">=20"
      }
    },
    "node_modules/typescript": {
      "version": "6.0.3",
      "resolved": "https://registry.npmjs.org/typescript/-/typescript-6.0.3.tgz",
      "integrity": "sha512-y2TvuxSZPDyQakkFRPZHKFm+KKVqIisdg9/CZwm9ftvKXLP8NRWj38/ODjNbr43SsoXqNuAisEf1GdCxqWcdBw==",
      "dev": true,
      "license": "Apache-2.0",
      "bin": {
        "tsc": "bin/tsc",
        "tsserver": "bin/tsserver"
      },
      "engines": {
        "node": ">=14.17"
      }
    },
    "node_modules/undici-types": {
      "version": "7.24.6",
      "resolved": "https://registry.npmjs.org/undici-types/-/undici-types-7.24.6.tgz",
      "integrity": "sha512-WRNW+sJgj5OBN4/0JpHFqtqzhpbnV0GuB+OozA9gCL7a993SmU+1JBZCzLNxYsbMfIeDL+lTsphD5jN5N+n0zg==",
      "dev": true,
      "license": "MIT"
    }
  }
}
